
Microsoft Visual Studio Solution File, Format Version 12.00
# Visual Studio 15
VisualStudioVersion = 15.0.28010.2041
MinimumVisualStudioVersion = 10.0.40219.1
Project("{FAE04EC0-301F-11D3-BF4B-00C04F79EFBC}") = "AutoPark(Test)", "AutoPark(Test)\AutoPark(Test).csproj", "{9979254D-4913-4689-9336-57C5C18988D4}"
EndProject
Project("{FAE04EC0-301F-11D3-BF4B-00C04F79EFBC}") = "MyLib", "MyLib\MyLib.csproj", "{203AE760-0B2A-4823-A5F5-E0872A029CEA}"
EndProject
Global
	GlobalSection(SolutionConfigurationPlatforms) = preSolution
		Debug|Any CPU = Debug|Any CPU
		Release|Any CPU = Release|Any CPU
	EndGlobalSection
	GlobalSection(ProjectConfigurationPlatforms) = postSolution
		{9979254D-4913-4689-9336-57C5C18988D4}.Debug|Any CPU.ActiveCfg = Debug|Any CPU
		{9979254D-4913-4689-9336-57C5C18988D4}.Debug|Any CPU.Build.0 = Debug|Any CPU
		{9979254D-4913-4689-9336-57C5C18988D4}.Release|Any CPU.ActiveCfg = Release|Any CPU
		{9979254D-4913-4689-9336-57C5C18988D4}.Release|Any CPU.Build.0 = Release|Any CPU
		{203AE760-0B2A-4823-A5F5-E0872A029CEA}.Debug|Any CPU.ActiveCfg = Debug|Any CPU
		{203AE760-0B2A-4823-A5F5-E0872A029CEA}.Debug|Any CPU.Build.0 = Debug|Any CPU
		{203AE760-0B2A-4823-A5F5-E0872A029CEA}.Release|Any CPU.ActiveCfg = Release|Any CPU
		{203AE760-0B2A-4823-A5F5-E0872A029CEA}.Release|Any CPU.Build.0 = Release|Any CPU
	EndGlobalSection
	GlobalSection(SolutionProperties) = preSolution
		HideSolutionNode = FALSE
	EndGlobalSection
	GlobalSection(ExtensibilityGlobals) = postSolution
		SolutionGuid = {72853BAF-CD15-4A00-89DC-7DA1FB3739B3}
	EndGlobalSection
EndGlobal
